
Microsoft Visual Studio Solution File, Format Version 12.00
# Visual Studio Version 16
VisualStudioVersion = 16.0.29102.190
MinimumVisualStudioVersion = 10.0.40219.1
Project("{9A19103F-16F7-4668-BE54-9A1E7A4F7556}") = "EmployeeManagement", "EmployeeManagement.csproj", "{EC76582A-59B1-4FE6-A6C5-6990C25AB87E}"
EndProject
Global
	GlobalSection(SolutionConfigurationPlatforms) = preSolution
		Debug|Any CPU = Debug|Any CPU
		Release|Any CPU = Release|Any CPU
	EndGlobalSection
	GlobalSection(ProjectConfigurationPlatforms) = postSolution
		{EC76582A-59B1-4FE6-A6C5-6990C25AB87E}.Debug|Any CPU.ActiveCfg = Debug|Any CPU
		{EC76582A-59B1-4FE6-A6C5-6990C25AB87E}.Debug|Any CPU.Build.0 = Debug|Any CPU
		{EC76582A-59B1-4FE6-A6C5-6990C25AB87E}.Release|Any CPU.ActiveCfg = Release|Any CPU
		{EC76582A-59B1-4FE6-A6C5-6990C25AB87E}.Release|Any CPU.Build.0 = Release|Any CPU
	EndGlobalSection
	GlobalSection(SolutionProperties) = preSolution
		HideSolutionNode = FALSE
	EndGlobalSection
	GlobalSection(ExtensibilityGlobals) = postSolution
		SolutionGuid = {861936C9-0A10-4862-B0E6-EB46ECFF628E}
	EndGlobalSection
EndGlobal
